
Microsoft Visual Studio Solution File, Format Version 12.00
# Visual Studio Version 17
VisualStudioVersion = 17.0.31903.59
MinimumVisualStudioVersion = 10.0.40219.1
Project("{2150E333-8FDC-42A3-9474-1A3956D46DE8}") = "src", "src", "{180B0FF0-2AE9-4AA9-B9FC-BD828ABEA95D}"
EndProject
Project("{FAE04EC0-301F-11D3-BF4B-00C04F79EFBC}") = "GestaoColetas.Domain", "src\GestaoColetas.Domain\GestaoColetas.Domain.csproj", "{18A6B4C1-1191-4A92-AEAE-2E8E265B6013}"
EndProject
Project("{FAE04EC0-301F-11D3-BF4B-00C04F79EFBC}") = "GestaoColetas.Application", "src\GestaoColetas.Application\GestaoColetas.Application.csproj", "{741842E2-59D3-49C5-861C-8B2CA7B944C6}"
EndProject
Project("{FAE04EC0-301F-11D3-BF4B-00C04F79EFBC}") = "GestaoColetas.Infrastructure", "src\GestaoColetas.Infrastructure\GestaoColetas.Infrastructure.csproj", "{F3510DD1-0B7E-4E75-87B4-781B1A3AABF1}"
EndProject
Project("{FAE04EC0-301F-11D3-BF4B-00C04F79EFBC}") = "GestaoColetas.WebAPI", "src\GestaoColetas.WebAPI\GestaoColetas.WebAPI.csproj", "{E48A4F8C-05AF-4F94-8F13-0C0DFCE4672F}"
EndProject
Project("{2150E333-8FDC-42A3-9474-1A3956D46DE8}") = "tests", "tests", "{CB3D66FE-BF0E-494A-97DA-4602847068B6}"
EndProject
Project("{FAE04EC0-301F-11D3-BF4B-00C04F79EFBC}") = "GestaoColetas.Tests", "tests\GestaoColetas.Tests\GestaoColetas.Tests.csproj", "{B87C1B66-F287-4C6C-A1BC-0F454B0EA798}"
EndProject
Global
	GlobalSection(SolutionConfigurationPlatforms) = preSolution
		Debug|Any CPU = Debug|Any CPU
		Release|Any CPU = Release|Any CPU
	EndGlobalSection
	GlobalSection(SolutionProperties) = preSolution
		HideSolutionNode = FALSE
	EndGlobalSection
	GlobalSection(ProjectConfigurationPlatforms) = postSolution
		{18A6B4C1-1191-4A92-AEAE-2E8E265B6013}.Debug|Any CPU.ActiveCfg = Debug|Any CPU
		{18A6B4C1-1191-4A92-AEAE-2E8E265B6013}.Debug|Any CPU.Build.0 = Debug|Any CPU
		{18A6B4C1-1191-4A92-AEAE-2E8E265B6013}.Release|Any CPU.ActiveCfg = Release|Any CPU
		{18A6B4C1-1191-4A92-AEAE-2E8E265B6013}.Release|Any CPU.Build.0 = Release|Any CPU
		{741842E2-59D3-49C5-861C-8B2CA7B944C6}.Debug|Any CPU.ActiveCfg = Debug|Any CPU
		{741842E2-59D3-49C5-861C-8B2CA7B944C6}.Debug|Any CPU.Build.0 = Debug|Any CPU
		{741842E2-59D3-49C5-861C-8B2CA7B944C6}.Release|Any CPU.ActiveCfg = Release|Any CPU
		{741842E2-59D3-49C5-861C-8B2CA7B944C6}.Release|Any CPU.Build.0 = Release|Any CPU
		{F3510DD1-0B7E-4E75-87B4-781B1A3AABF1}.Debug|Any CPU.ActiveCfg = Debug|Any CPU
		{F3510DD1-0B7E-4E75-87B4-781B1A3AABF1}.Debug|Any CPU.Build.0 = Debug|Any CPU
		{F3510DD1-0B7E-4E75-87B4-781B1A3AABF1}.Release|Any CPU.ActiveCfg = Release|Any CPU
		{F3510DD1-0B7E-4E75-87B4-781B1A3AABF1}.Release|Any CPU.Build.0 = Release|Any CPU
		{E48A4F8C-05AF-4F94-8F13-0C0DFCE4672F}.Debug|Any CPU.ActiveCfg = Debug|Any CPU
		{E48A4F8C-05AF-4F94-8F13-0C0DFCE4672F}.Debug|Any CPU.Build.0 = Debug|Any CPU
		{E48A4F8C-05AF-4F94-8F13-0C0DFCE4672F}.Release|Any CPU.ActiveCfg = Release|Any CPU
		{E48A4F8C-05AF-4F94-8F13-0C0DFCE4672F}.Release|Any CPU.Build.0 = Release|Any CPU
		{B87C1B66-F287-4C6C-A1BC-0F454B0EA798}.Debug|Any CPU.ActiveCfg = Debug|Any CPU
		{B87C1B66-F287-4C6C-A1BC-0F454B0EA798}.Debug|Any CPU.Build.0 = Debug|Any CPU
		{B87C1B66-F287-4C6C-A1BC-0F454B0EA798}.Release|Any CPU.ActiveCfg = Release|Any CPU
		{B87C1B66-F287-4C6C-A1BC-0F454B0EA798}.Release|Any CPU.Build.0 = Release|Any CPU
	EndGlobalSection
	GlobalSection(NestedProjects) = preSolution
		{18A6B4C1-1191-4A92-AEAE-2E8E265B6013} = {180B0FF0-2AE9-4AA9-B9FC-BD828ABEA95D}
		{741842E2-59D3-49C5-861C-8B2CA7B944C6} = {180B0FF0-2AE9-4AA9-B9FC-BD828ABEA95D}
		{F3510DD1-0B7E-4E75-87B4-781B1A3AABF1} = {180B0FF0-2AE9-4AA9-B9FC-BD828ABEA95D}
		{E48A4F8C-05AF-4F94-8F13-0C0DFCE4672F} = {180B0FF0-2AE9-4AA9-B9FC-BD828ABEA95D}
		{B87C1B66-F287-4C6C-A1BC-0F454B0EA798} = {CB3D66FE-BF0E-494A-97DA-4602847068B6}
	EndGlobalSection
EndGlobal
